
Microsoft Visual Studio Solution File, Format Version 11.00
# Visual Studio 2010
Project("{FAE04EC0-301F-11D3-BF4B-00C04F79EFBC}") = "WARP", "Assembly-CSharp.csproj", "{DA62CBD8-3BD5-260C-D16D-890F4073F992}"
EndProject
Global
	GlobalSection(SolutionConfigurationPlatforms) = preSolution
		Debug|Any CPU = Debug|Any CPU
		Release|Any CPU = Release|Any CPU
	EndGlobalSection
	GlobalSection(ProjectConfigurationPlatforms) = postSolution
		{DA62CBD8-3BD5-260C-D16D-890F4073F992}.Debug|Any CPU.ActiveCfg = Debug|Any CPU
		{DA62CBD8-3BD5-260C-D16D-890F4073F992}.Debug|Any CPU.Build.0 = Debug|Any CPU
		{DA62CBD8-3BD5-260C-D16D-890F4073F992}.Release|Any CPU.ActiveCfg = Release|Any CPU
		{DA62CBD8-3BD5-260C-D16D-890F4073F992}.Release|Any CPU.Build.0 = Release|Any CPU
	EndGlobalSection
	GlobalSection(SolutionProperties) = preSolution
		HideSolutionNode = FALSE
	EndGlobalSection
	GlobalSection(MonoDevelopProperties) = preSolution
		StartupItem = Assembly-CSharp.csproj
	EndGlobalSection
EndGlobal
